// !$*UTF8*$!
{
	archiveVersion = 1;
	classes = {
	};
	objectVersion = 46;
	objects = {

/* Begin PBXBuildFile section */
		E47C09501C84B14F00026B51 /* AppDelegate.swift in Sources */ = {isa = PBXBuildFile; fileRef = E47C094F1C84B14F00026B51 /* AppDelegate.swift */; };
		E47C09521C84B14F00026B51 /* ViewController.swift in Sources */ = {isa = PBXBuildFile; fileRef = E47C09511C84B14F00026B51 /* ViewController.swift */; };
		E47C09551C84B14F00026B51 /* Main.storyboard in Resources */ = {isa = PBXBuildFile; fileRef = E47C09531C84B14F00026B51 /* Main.storyboard */; };
		E47C09581C84B14F00026B51 /* HopStop.xcdatamodeld in Sources */ = {isa = PBXBuildFile; fileRef = E47C09561C84B14F00026B51 /* HopStop.xcdatamodeld */; };
		E47C095A1C84B14F00026B51 /* Assets.xcassets in Resources */ = {isa = PBXBuildFile; fileRef = E47C09591C84B14F00026B51 /* Assets.xcassets */; };
		E47C095D1C84B14F00026B51 /* LaunchScreen.storyboard in Resources */ = {isa = PBXBuildFile; fileRef = E47C095B1C84B14F00026B51 /* LaunchScreen.storyboard */; };
/* End PBXBuildFile section */

/* Begin PBXFileReference section */
		E47C094C1C84B14F00026B51 /* HopStop.app */ = {isa = PBXFileReference; explicitFileType = wrapper.application; includeInIndex = 0; path = HopStop.app; sourceTree = BUILT_PRODUCTS_DIR; };
		E47C094F1C84B14F00026B51 /* AppDelegate.swift */ = {isa = PBXFileReference; lastKnownFileType = sourcecode.swift; path = AppDelegate.swift; sourceTree = "<group>"; };
		E47C09511C84B14F00026B51 /* ViewController.swift */ = {isa = PBXFileReference; lastKnownFileType = sourcecode.swift; path = ViewController.swift; sourceTree = "<group>"; };
		E47C09541C84B14F00026B51 /* Base */ = {isa = PBXFileReference; lastKnownFileType = file.storyboard; name = Base; path = Base.lproj/Main.storyboard; sourceTree = "<group>"; };
		E47C09571C84B14F00026B51 /* HopStop.xcdatamodel */ = {isa = PBXFileReference; lastKnownFileType = wrapper.xcdatamodel; path = HopStop.xcdatamodel; sourceTree = "<group>"; };
		E47C09591C84B14F00026B51 /* Assets.xcassets */ = {isa = PBXFileReference; lastKnownFileType = folder.assetcatalog; path = Assets.xcassets; sourceTree = "<group>"; };
		E47C095C1C84B14F00026B51 /* Base */ = {isa = PBXFileReference; lastKnownFileType = file.storyboard; name = Base; path = Base.lproj/LaunchScreen.storyboard; sourceTree = "<group>"; };
		E47C095E1C84B14F00026B51 /* Info.plist */ = {isa = PBXFileReference; lastKnownFileType = text.plist.xml; path = Info.plist; sourceTree = "<group>"; };
/* End PBXFileReference section */

/* Begin PBXFrameworksBuildPhase section */
		E47C09491C84B14F00026B51 /* Frameworks */ = {
			isa = PBXFrameworksBuildPhase;
			buildActionMask = 2147483647;
			files = (
			);
			runOnlyForDeploymentPostprocessing = 0;
		};
/* End PBXFrameworksBuildPhase section */

/* Begin PBXGroup section */
		E47C09431C84B14E00026B51 = {
			isa = PBXGroup;
			children = (
				E47C094E1C84B14F00026B51 /* HopStop */,
				E47C094D1C84B14F00026B51 /* Products */,
			);
			sourceTree = "<group>";
		};
		E47C094D1C84B14F00026B51 /* Products */ = {
			isa = PBXGroup;
			children = (
				E47C094C1C84B14F00026B51 /* HopStop.app */,
			);
			name = Products;
			sourceTree = "<group>";
		};
		E47C094E1C84B14F00026B51 /* HopStop */ = {
			isa = PBXGroup;
			children = (
				E47C094F1C84B14F00026B51 /* AppDelegate.swift */,
				E47C09511C84B14F00026B51 /* ViewController.swift */,
				E47C09531C84B14F00026B51 /* Main.storyboard */,
				E47C09591C84B14F00026B51 /* Assets.xcassets */,
				E47C095B1C84B14F00026B51 /* LaunchScreen.storyboard */,
				E47C095E1C84B14F00026B51 /* Info.plist */,
				E47C09561C84B14F00026B51 /* HopStop.xcdatamodeld */,
			);
			path = HopStop;
			sourceTree = "<group>";
		};
/* End PBXGroup section */

/* Begin PBXNativeTarget section */
		E47C094B1C84B14F00026B51 /* HopStop */ = {
			isa = PBXNativeTarget;
			buildConfigurationList = E47C09611C84B14F00026B51 /* Build configuration list for PBXNativeTarget "HopStop" */;
			buildPhases = (
				E47C09481C84B14F00026B51 /* Sources */,
				E47C09491C84B14F00026B51 /* Frameworks */,
				E47C094A1C84B14F00026B51 /* Resources */,
			);
			buildRules = (
			);
			dependencies = (
			);
			name = HopStop;
			productName = HopStop;
			productReference = E47C094C1C84B14F00026B51 /* HopStop.app */;
			productType = "com.apple.product-type.application";
		};
/* End PBXNativeTarget section */

/* Begin PBXProject section */
		E47C09441C84B14E00026B51 /* Project object */ = {
			isa = PBXProject;
			attributes = {
				LastSwiftUpdateCheck = 0720;
				LastUpgradeCheck = 0720;
				ORGANIZATIONNAME = "Ethan Haley";
				TargetAttributes = {
					E47C094B1C84B14F00026B51 = {
						CreatedOnToolsVersion = 7.2;
					};
				};
			};
			buildConfigurationList = E47C09471C84B14E00026B51 /* Build configuration list for PBXProject "HopStop" */;
			compatibilityVersion = "Xcode 3.2";
			developmentRegion = English;
			hasScannedForEncodings = 0;
			knownRegions = (
				en,
				Base,
			);
			mainGroup = E47C09431C84B14E00026B51;
			productRefGroup = E47C094D1C84B14F00026B51 /* Products */;
			projectDirPath = "";
			projectRoot = "";
			targets = (
				E47C094B1C84B14F00026B51 /* HopStop */,
			);
		};
/* End PBXProject section */

/* Begin PBXResourcesBuildPhase section */
		E47C094A1C84B14F00026B51 /* Resources */ = {
			isa = PBXResourcesBuildPhase;
			buildActionMask = 2147483647;
			files = (
				E47C095D1C84B14F00026B51 /* LaunchScreen.storyboard in Resources */,
				E47C095A1C84B14F00026B51 /* Assets.xcassets in Resources */,
				E47C09551C84B14F00026B51 /* Main.storyboard in Resources */,
			);
			runOnlyForDeploymentPostprocessing = 0;
		};
/* End PBXResourcesBuildPhase section */

/* Begin PBXSourcesBuildPhase section */
		E47C09481C84B14F00026B51 /* Sources */ = {
			isa = PBXSourcesBuildPhase;
			buildActionMask = 2147483647;
			files = (
				E47C09581C84B14F00026B51 /* HopStop.xcdatamodeld in Sources */,
				E47C09521C84B14F00026B51 /* ViewController.swift in Sources */,
				E47C09501C84B14F00026B51 /* AppDelegate.swift in Sources */,
			);
			runOnlyForDeploymentPostprocessing = 0;
		};
/* End PBXSourcesBuildPhase section */

/* Begin PBXVariantGroup section */
		E47C09531C84B14F00026B51 /* Main.storyboard */ = {
			isa = PBXVariantGroup;
			children = (
				E47C09541C84B14F00026B51 /* Base */,
			);
			name = Main.storyboard;
			sourceTree = "<group>";
		};
		E47C095B1C84B14F00026B51 /* LaunchScreen.storyboard */ = {
			isa = PBXVariantGroup;
			children = (
				E47C095C1C84B14F00026B51 /* Base */,
			);
			name = LaunchScreen.storyboard;
			sourceTree = "<group>";
		};
/* End PBXVariantGroup section */

/* Begin XCBuildConfiguration section */
		E47C095F1C84B14F00026B51 /* Debug */ = {
			isa = XCBuildConfiguration;
			buildSettings = {
				ALWAYS_SEARCH_USER_PATHS = NO;
				CLANG_CXX_LANGUAGE_STANDARD = "gnu++0x";
				CLANG_CXX_LIBRARY = "libc++";
				CLANG_ENABLE_MODULES = YES;
				CLANG_ENABLE_OBJC_ARC = YES;
				CLANG_WARN_BOOL_CONVERSION = YES;
				CLANG_WARN_CONSTANT_CONVERSION = YES;
				CLANG_WARN_DIRECT_OBJC_ISA_USAGE = YES_ERROR;
				CLANG_WARN_EMPTY_BODY = YES;
				CLANG_WARN_ENUM_CONVERSION = YES;
				CLANG_WARN_INT_CONVERSION = YES;
				CLANG_WARN_OBJC_ROOT_CLASS = YES_ERROR;
				CLANG_WARN_UNREACHABLE_CODE = YES;
				CLANG_WARN__DUPLICATE_METHOD_MATCH = YES;
				"CODE_SIGN_IDENTITY[sdk=iphoneos*]" = "iPhone Developer";
				COPY_PHASE_STRIP = NO;
				DEBUG_INFORMATION_FORMAT = dwarf;
				ENABLE_STRICT_OBJC_MSGSEND = YES;
				ENABLE_TESTABILITY = YES;
				GCC_C_LANGUAGE_STANDARD = gnu99;
				GCC_DYNAMIC_NO_PIC = NO;
				GCC_NO_COMMON_BLOCKS = YES;
				GCC_OPTIMIZATION_LEVEL = 0;
				GCC_PREPROCESSOR_DEFINITIONS = (
					"DEBUG=1",
					"$(inherited)",
				);
				GCC_WARN_64_TO_32_BIT_CONVERSION = YES;
				GCC_WARN_ABOUT_RETURN_TYPE = YES_ERROR;
				GCC_WARN_UNDECLARED_SELECTOR = YES;
				GCC_WARN_UNINITIALIZED_AUTOS = YES_AGGRESSIVE;
				GCC_WARN_UNUSED_FUNCTION = YES;
				GCC_WARN_UNUSED_VARIABLE = YES;
				IPHONEOS_DEPLOYMENT_TARGET = 9.2;
				MTL_ENABLE_DEBUG_INFO = YES;
				ONLY_ACTIVE_ARCH = YES;
				SDKROOT = iphoneos;
				SWIFT_OPTIMIZATION_LEVEL = "-Onone";
				TARGETED_DEVICE_FAMILY = "1,2";
			};
			name = Debug;
		};
		E47C09601C84B14F00026B51 /* Release */ = {
			isa = XCBuildConfiguration;
			buildSettings = {
				ALWAYS_SEARCH_USER_PATHS = NO;
				CLANG_CXX_LANGUAGE_STANDARD = "gnu++0x";
				CLANG_CXX_LIBRARY = "libc++";
				CLANG_ENABLE_MODULES = YES;
				CLANG_ENABLE_OBJC_ARC = YES;
				CLANG_WARN_BOOL_CONVERSION = YES;
				CLANG_WARN_CONSTANT_CONVERSION = YES;
				CLANG_WARN_DIRECT_OBJC_ISA_USAGE = YES_ERROR;
				CLANG_WARN_EMPTY_BODY = YES;
				CLANG_WARN_ENUM_CONVERSION = YES;
				CLANG_WARN_INT_CONVERSION = YES;
				CLANG_WARN_OBJC_ROOT_CLASS = YES_ERROR;
				CLANG_WARN_UNREACHABLE_CODE = YES;
				CLANG_WARN__DUPLICATE_METHOD_MATCH = YES;
				"CODE_SIGN_IDENTITY[sdk=iphoneos*]" = "iPhone Developer";
				COPY_PHASE_STRIP = NO;
				DEBUG_INFORMATION_FORMAT = "dwarf-with-dsym";
				ENABLE_NS_ASSERTIONS = NO;
				ENABLE_STRICT_OBJC_MSGSEND = YES;
				GCC_C_LANGUAGE_STANDARD = gnu99;
				GCC_NO_COMMON_BLOCKS = YES;
				GCC_WARN_64_TO_32_BIT_CONVERSION = YES;
				GCC_WARN_ABOUT_RETURN_TYPE = YES_ERROR;
				GCC_WARN_UNDECLARED_SELECTOR = YES;
				GCC_WARN_UNINITIALIZED_AUTOS = YES_AGGRESSIVE;
				GCC_WARN_UNUSED_FUNCTION = YES;
				GCC_WARN_UNUSED_VARIABLE = YES;
				IPHONEOS_DEPLOYMENT_TARGET = 9.2;
				MTL_ENABLE_DEBUG_INFO = NO;
				SDKROOT = iphoneos;
				TARGETED_DEVICE_FAMILY = "1,2";
				VALIDATE_PRODUCT = YES;
			};
			name = Release;
		};
		E47C09621C84B14F00026B51 /* Debug */ = {
			isa = XCBuildConfiguration;
			buildSettings = {
				ASSETCATALOG_COMPILER_APPICON_NAME = AppIcon;
				INFOPLIST_FILE = HopStop/Info.plist;
				LD_RUNPATH_SEARCH_PATHS = "$(inherited) @executable_path/Frameworks";
				PRODUCT_BUNDLE_IDENTIFIER = dirt.HopStop;
				PRODUCT_NAME = "$(TARGET_NAME)";
			};
			name = Debug;
		};
		E47C09631C84B14F00026B51 /* Release */ = {
			isa = XCBuildConfiguration;
			buildSettings = {
				ASSETCATALOG_COMPILER_APPICON_NAME = AppIcon;
				INFOPLIST_FILE = HopStop/Info.plist;
				LD_RUNPATH_SEARCH_PATHS = "$(inherited) @executable_path/Frameworks";
				PRODUCT_BUNDLE_IDENTIFIER = dirt.HopStop;
				PRODUCT_NAME = "$(TARGET_NAME)";
			};
			name = Release;
		};
/* End XCBuildConfiguration section */

/* Begin XCConfigurationList section */
		E47C09471C84B14E00026B51 /* Build configuration list for PBXProject "HopStop" */ = {
			isa = XCConfigurationList;
			buildConfigurations = (
				E47C095F1C84B14F00026B51 /* Debug */,
				E47C09601C84B14F00026B51 /* Release */,
			);
			defaultConfigurationIsVisible = 0;
			defaultConfigurationName = Release;
		};
		E47C09611C84B14F00026B51 /* Build configuration list for PBXNativeTarget "HopStop" */ = {
			isa = XCConfigurationList;
			buildConfigurations = (
				E47C09621C84B14F00026B51 /* Debug */,
				E47C09631C84B14F00026B51 /* Release */,
			);
			defaultConfigurationIsVisible = 0;
		};
/* End XCConfigurationList section */

/* Begin XCVersionGroup section */
		E47C09561C84B14F00026B51 /* HopStop.xcdatamodeld */ = {
			isa = XCVersionGroup;
			children = (
				E47C09571C84B14F00026B51 /* HopStop.xcdatamodel */,
			);
			currentVersion = E47C09571C84B14F00026B51 /* HopStop.xcdatamodel */;
			path = HopStop.xcdatamodeld;
			sourceTree = "<group>";
			versionGroupType = wrapper.xcdatamodel;
		};
/* End XCVersionGroup section */
	};
	rootObject = E47C09441C84B14E00026B51 /* Project object */;
}
